
Microsoft Visual Studio Solution File, Format Version 12.00
# Visual Studio 15
VisualStudioVersion = 15.0.27130.2010
MinimumVisualStudioVersion = 10.0.40219.1
Project("{FAE04EC0-301F-11D3-BF4B-00C04F79EFBC}") = "LiveDotNet.Rest", "LiveDotNet.Rest\LiveDotNet.Rest.csproj", "{635D810A-86BD-42B6-89FA-EBD631F33F05}"
EndProject
Global
	GlobalSection(SolutionConfigurationPlatforms) = preSolution
		Debug|Any CPU = Debug|Any CPU
		Release|Any CPU = Release|Any CPU
	EndGlobalSection
	GlobalSection(ProjectConfigurationPlatforms) = postSolution
		{635D810A-86BD-42B6-89FA-EBD631F33F05}.Debug|Any CPU.ActiveCfg = Debug|Any CPU
		{635D810A-86BD-42B6-89FA-EBD631F33F05}.Debug|Any CPU.Build.0 = Debug|Any CPU
		{635D810A-86BD-42B6-89FA-EBD631F33F05}.Release|Any CPU.ActiveCfg = Release|Any CPU
		{635D810A-86BD-42B6-89FA-EBD631F33F05}.Release|Any CPU.Build.0 = Release|Any CPU
	EndGlobalSection
	GlobalSection(SolutionProperties) = preSolution
		HideSolutionNode = FALSE
	EndGlobalSection
	GlobalSection(ExtensibilityGlobals) = postSolution
		SolutionGuid = {9AC0D120-6186-414D-B89E-C4EB0D123912}
	EndGlobalSection
EndGlobal
